
Microsoft Visual Studio Solution File, Format Version 12.00
# Visual Studio Version 17
VisualStudioVersion = 17.4.33213.308
MinimumVisualStudioVersion = 10.0.40219.1
Project("{FAE04EC0-301F-11D3-BF4B-00C04F79EFBC}") = "Maze Generator", "Maze Generator.csproj", "{161222A2-0911-41E8-8ADB-06C838BA2449}"
EndProject
Global
	GlobalSection(SolutionConfigurationPlatforms) = preSolution
		Debug|Any CPU = Debug|Any CPU
		Release|Any CPU = Release|Any CPU
	EndGlobalSection
	GlobalSection(ProjectConfigurationPlatforms) = postSolution
		{161222A2-0911-41E8-8ADB-06C838BA2449}.Debug|Any CPU.ActiveCfg = Debug|Any CPU
		{161222A2-0911-41E8-8ADB-06C838BA2449}.Debug|Any CPU.Build.0 = Debug|Any CPU
		{161222A2-0911-41E8-8ADB-06C838BA2449}.Release|Any CPU.ActiveCfg = Release|Any CPU
		{161222A2-0911-41E8-8ADB-06C838BA2449}.Release|Any CPU.Build.0 = Release|Any CPU
	EndGlobalSection
	GlobalSection(SolutionProperties) = preSolution
		HideSolutionNode = FALSE
	EndGlobalSection
	GlobalSection(ExtensibilityGlobals) = postSolution
		SolutionGuid = {2FD1DFF6-93A8-4B17-B9A1-C70E59D252CB}
	EndGlobalSection
EndGlobal
